
Microsoft Visual Studio Solution File, Format Version 12.00
# Visual Studio Version 16
VisualStudioVersion = 16.0.29728.190
MinimumVisualStudioVersion = 10.0.40219.1
Project("{FAE04EC0-301F-11D3-BF4B-00C04F79EFBC}") = "KouPluginTranslate", "KouPluginTranslate.csproj", "{9D32282F-0A69-4656-A150-FBF88911F68C}"
EndProject
Global
	GlobalSection(SolutionConfigurationPlatforms) = preSolution
		Debug|Any CPU = Debug|Any CPU
		Release|Any CPU = Release|Any CPU
	EndGlobalSection
	GlobalSection(ProjectConfigurationPlatforms) = postSolution
		{9D32282F-0A69-4656-A150-FBF88911F68C}.Debug|Any CPU.ActiveCfg = Debug|Any CPU
		{9D32282F-0A69-4656-A150-FBF88911F68C}.Debug|Any CPU.Build.0 = Debug|Any CPU
		{9D32282F-0A69-4656-A150-FBF88911F68C}.Release|Any CPU.ActiveCfg = Release|Any CPU
		{9D32282F-0A69-4656-A150-FBF88911F68C}.Release|Any CPU.Build.0 = Release|Any CPU
	EndGlobalSection
	GlobalSection(SolutionProperties) = preSolution
		HideSolutionNode = FALSE
	EndGlobalSection
	GlobalSection(ExtensibilityGlobals) = postSolution
		SolutionGuid = {592F71C6-BC40-46B4-98D1-277460FA71A1}
	EndGlobalSection
EndGlobal
